
Microsoft Visual Studio Solution File, Format Version 12.00
# Visual Studio Version 17
VisualStudioVersion = 17.13.35931.197 d17.13
MinimumVisualStudioVersion = 10.0.40219.1
Project("{FAE04EC0-301F-11D3-BF4B-00C04F79EFBC}") = "16-06", "16-06.csproj", "{A07D2AB4-C03F-4D12-9C0B-8FCFD04D62CB}"
EndProject
Global
	GlobalSection(SolutionConfigurationPlatforms) = preSolution
		Debug|Any CPU = Debug|Any CPU
		Release|Any CPU = Release|Any CPU
	EndGlobalSection
	GlobalSection(ProjectConfigurationPlatforms) = postSolution
		{A07D2AB4-C03F-4D12-9C0B-8FCFD04D62CB}.Debug|Any CPU.ActiveCfg = Debug|Any CPU
		{A07D2AB4-C03F-4D12-9C0B-8FCFD04D62CB}.Debug|Any CPU.Build.0 = Debug|Any CPU
		{A07D2AB4-C03F-4D12-9C0B-8FCFD04D62CB}.Release|Any CPU.ActiveCfg = Release|Any CPU
		{A07D2AB4-C03F-4D12-9C0B-8FCFD04D62CB}.Release|Any CPU.Build.0 = Release|Any CPU
	EndGlobalSection
	GlobalSection(SolutionProperties) = preSolution
		HideSolutionNode = FALSE
	EndGlobalSection
	GlobalSection(ExtensibilityGlobals) = postSolution
		SolutionGuid = {92EE6B0C-0D3B-46FD-9A86-D224BE614D63}
	EndGlobalSection
EndGlobal
